
Microsoft Visual Studio Solution File, Format Version 12.00
# Visual Studio 2012
Project("{FAE04EC0-301F-11D3-BF4B-00C04F79EFBC}") = "SxGoogle", "SxGoogle\SxGoogle.csproj", "{6ECADCDF-87F3-4F99-97F3-550FE51FB3A5}"
EndProject
Project("{FAE04EC0-301F-11D3-BF4B-00C04F79EFBC}") = "DriveConnect", "..\DriveConnect\DriveConnect.csproj", "{AF5B9BB1-D5CB-4E6A-AA97-D265D16140DE}"
EndProject
Global
	GlobalSection(SolutionConfigurationPlatforms) = preSolution
		Debug|Any CPU = Debug|Any CPU
		Release|Any CPU = Release|Any CPU
	EndGlobalSection
	GlobalSection(ProjectConfigurationPlatforms) = postSolution
		{6ECADCDF-87F3-4F99-97F3-550FE51FB3A5}.Debug|Any CPU.ActiveCfg = Debug|Any CPU
		{6ECADCDF-87F3-4F99-97F3-550FE51FB3A5}.Debug|Any CPU.Build.0 = Debug|Any CPU
		{6ECADCDF-87F3-4F99-97F3-550FE51FB3A5}.Release|Any CPU.ActiveCfg = Release|Any CPU
		{6ECADCDF-87F3-4F99-97F3-550FE51FB3A5}.Release|Any CPU.Build.0 = Release|Any CPU
		{AF5B9BB1-D5CB-4E6A-AA97-D265D16140DE}.Debug|Any CPU.ActiveCfg = Debug|Any CPU
		{AF5B9BB1-D5CB-4E6A-AA97-D265D16140DE}.Debug|Any CPU.Build.0 = Debug|Any CPU
		{AF5B9BB1-D5CB-4E6A-AA97-D265D16140DE}.Release|Any CPU.ActiveCfg = Release|Any CPU
		{AF5B9BB1-D5CB-4E6A-AA97-D265D16140DE}.Release|Any CPU.Build.0 = Release|Any CPU
	EndGlobalSection
	GlobalSection(SolutionProperties) = preSolution
		HideSolutionNode = FALSE
	EndGlobalSection
EndGlobal
